
Microsoft Visual Studio Solution File, Format Version 12.00
# Visual Studio Version 17
VisualStudioVersion = 17.2.32602.215
MinimumVisualStudioVersion = 10.0.40219.1
Project("{FAE04EC0-301F-11D3-BF4B-00C04F79EFBC}") = "dotnet-deployment-versioning-test", "dotnet-deployment-versioning-test\dotnet-deployment-versioning-test.csproj", "{432E5A2F-33B9-4988-8877-F71580769E22}"
EndProject
Global
	GlobalSection(SolutionConfigurationPlatforms) = preSolution
		Debug|Any CPU = Debug|Any CPU
		Release|Any CPU = Release|Any CPU
	EndGlobalSection
	GlobalSection(ProjectConfigurationPlatforms) = postSolution
		{432E5A2F-33B9-4988-8877-F71580769E22}.Debug|Any CPU.ActiveCfg = Debug|Any CPU
		{432E5A2F-33B9-4988-8877-F71580769E22}.Debug|Any CPU.Build.0 = Debug|Any CPU
		{432E5A2F-33B9-4988-8877-F71580769E22}.Release|Any CPU.ActiveCfg = Release|Any CPU
		{432E5A2F-33B9-4988-8877-F71580769E22}.Release|Any CPU.Build.0 = Release|Any CPU
	EndGlobalSection
	GlobalSection(SolutionProperties) = preSolution
		HideSolutionNode = FALSE
	EndGlobalSection
	GlobalSection(ExtensibilityGlobals) = postSolution
		SolutionGuid = {217782DA-5792-4733-821B-1A3760386B8F}
	EndGlobalSection
EndGlobal
